
Microsoft Visual Studio Solution File, Format Version 12.00
# Visual Studio Version 16
VisualStudioVersion = 16.0.30611.23
MinimumVisualStudioVersion = 10.0.40219.1
Project("{FAE04EC0-301F-11D3-BF4B-00C04F79EFBC}") = "AIMP_RYMSetListeningTo", "AIMP_RYMSetListeningTo.csproj", "{0BE4B5ED-5B8A-44C9-A411-05025603C8B8}"
EndProject
Global
	GlobalSection(SolutionConfigurationPlatforms) = preSolution
		Debug|Any CPU = Debug|Any CPU
		Debug|x86 = Debug|x86
		Release|Any CPU = Release|Any CPU
		Release|x86 = Release|x86
	EndGlobalSection
	GlobalSection(ProjectConfigurationPlatforms) = postSolution
		{0BE4B5ED-5B8A-44C9-A411-05025603C8B8}.Debug|Any CPU.ActiveCfg = Debug|Any CPU
		{0BE4B5ED-5B8A-44C9-A411-05025603C8B8}.Debug|Any CPU.Build.0 = Debug|Any CPU
		{0BE4B5ED-5B8A-44C9-A411-05025603C8B8}.Debug|x86.ActiveCfg = Debug|x86
		{0BE4B5ED-5B8A-44C9-A411-05025603C8B8}.Debug|x86.Build.0 = Debug|x86
		{0BE4B5ED-5B8A-44C9-A411-05025603C8B8}.Release|Any CPU.ActiveCfg = Release|Any CPU
		{0BE4B5ED-5B8A-44C9-A411-05025603C8B8}.Release|Any CPU.Build.0 = Release|Any CPU
		{0BE4B5ED-5B8A-44C9-A411-05025603C8B8}.Release|x86.ActiveCfg = Release|x86
		{0BE4B5ED-5B8A-44C9-A411-05025603C8B8}.Release|x86.Build.0 = Release|x86
	EndGlobalSection
	GlobalSection(SolutionProperties) = preSolution
		HideSolutionNode = FALSE
	EndGlobalSection
	GlobalSection(ExtensibilityGlobals) = postSolution
		SolutionGuid = {7932FFB6-A57D-40EF-9FD5-808AA4A906C3}
	EndGlobalSection
EndGlobal
